
Microsoft Visual Studio Solution File, Format Version 12.00
# Visual Studio 2013
VisualStudioVersion = 12.0.30110.0
MinimumVisualStudioVersion = 10.0.40219.1
Project("{FAE04EC0-301F-11D3-BF4B-00C04F79EFBC}") = "Ugurus.Api.Citrix", "src\Ugurus.Api.Citrix\Ugurus.Api.Citrix.csproj", "{63283589-E163-4C42-A9B5-53FEDB60C59C}"
EndProject
Project("{2150E333-8FDC-42A3-9474-1A3956D46DE8}") = ".nuget", ".nuget", "{ABF3D581-8951-4CBA-84D6-46BF96578495}"
	ProjectSection(SolutionItems) = preProject
		.nuget\NuGet.Config = .nuget\NuGet.Config
		.nuget\NuGet.exe = .nuget\NuGet.exe
		.nuget\NuGet.targets = .nuget\NuGet.targets
	EndProjectSection
EndProject
Global
	GlobalSection(SolutionConfigurationPlatforms) = preSolution
		Debug|Any CPU = Debug|Any CPU
		Release|Any CPU = Release|Any CPU
	EndGlobalSection
	GlobalSection(ProjectConfigurationPlatforms) = postSolution
		{63283589-E163-4C42-A9B5-53FEDB60C59C}.Debug|Any CPU.ActiveCfg = Debug|Any CPU
		{63283589-E163-4C42-A9B5-53FEDB60C59C}.Debug|Any CPU.Build.0 = Debug|Any CPU
		{63283589-E163-4C42-A9B5-53FEDB60C59C}.Release|Any CPU.ActiveCfg = Release|Any CPU
		{63283589-E163-4C42-A9B5-53FEDB60C59C}.Release|Any CPU.Build.0 = Release|Any CPU
	EndGlobalSection
	GlobalSection(SolutionProperties) = preSolution
		HideSolutionNode = FALSE
	EndGlobalSection
EndGlobal
